
Microsoft Visual Studio Solution File, Format Version 12.00
# Visual Studio 15
VisualStudioVersion = 15.0.27703.2018
MinimumVisualStudioVersion = 10.0.40219.1
Project("{2150E333-8FDC-42A3-9474-1A3956D46DE8}") = "src", "src", "{48341FDD-D49D-4A8D-B1C2-FE6C2D71D267}"
EndProject
Project("{2150E333-8FDC-42A3-9474-1A3956D46DE8}") = "test", "test", "{AFD4C319-B59B-4264-ADF1-665DFBE10AB7}"
EndProject
Project("{2150E333-8FDC-42A3-9474-1A3956D46DE8}") = "Application", "Application", "{C6A2803B-7226-4F8D-B09D-87C3A76A9D31}"
EndProject
Project("{2150E333-8FDC-42A3-9474-1A3956D46DE8}") = "Apresentation", "Apresentation", "{AE650600-DE1B-4D81-9604-2C94D5C19EEF}"
EndProject
Project("{2150E333-8FDC-42A3-9474-1A3956D46DE8}") = "Domain", "Domain", "{9E3BE248-04A1-40BD-B2FA-700CA0626B0B}"
EndProject
Project("{2150E333-8FDC-42A3-9474-1A3956D46DE8}") = "Infra", "Infra", "{C7CF8059-872E-4AAF-AE84-1B9BC81FCFA7}"
EndProject
Project("{2150E333-8FDC-42A3-9474-1A3956D46DE8}") = "Service", "Service", "{E756CA9F-2E08-4530-BCFE-04269FC66FEE}"
EndProject
Project("{FAE04EC0-301F-11D3-BF4B-00C04F79EFBC}") = "SFinder.Domain.Core", "SFinder.Domain.Core\SFinder.Domain.Core.csproj", "{FCE8C63E-8F93-44C1-A729-AAD6984EB331}"
EndProject
Project("{FAE04EC0-301F-11D3-BF4B-00C04F79EFBC}") = "SFinder.Domain.PhotoFind", "SFinder.Domain.PhotoFind\SFinder.Domain.PhotoFind.csproj", "{286AC701-C8F6-42AC-AAB3-A7D4D532479B}"
EndProject
Project("{2150E333-8FDC-42A3-9474-1A3956D46DE8}") = "Domain", "Domain", "{87EA59D5-4942-429F-BE2D-F3A52F81CE33}"
EndProject
Project("{FAE04EC0-301F-11D3-BF4B-00C04F79EFBC}") = "SFinder.Domain.Core.Tests", "SFinder.Domain.Core.Tests\SFinder.Domain.Core.Tests.csproj", "{AFFE8F82-76B7-480D-8B9D-E7B0EC747F84}"
EndProject
Global
	GlobalSection(SolutionConfigurationPlatforms) = preSolution
		Debug|Any CPU = Debug|Any CPU
		Release|Any CPU = Release|Any CPU
	EndGlobalSection
	GlobalSection(ProjectConfigurationPlatforms) = postSolution
		{FCE8C63E-8F93-44C1-A729-AAD6984EB331}.Debug|Any CPU.ActiveCfg = Debug|Any CPU
		{FCE8C63E-8F93-44C1-A729-AAD6984EB331}.Debug|Any CPU.Build.0 = Debug|Any CPU
		{FCE8C63E-8F93-44C1-A729-AAD6984EB331}.Release|Any CPU.ActiveCfg = Release|Any CPU
		{FCE8C63E-8F93-44C1-A729-AAD6984EB331}.Release|Any CPU.Build.0 = Release|Any CPU
		{286AC701-C8F6-42AC-AAB3-A7D4D532479B}.Debug|Any CPU.ActiveCfg = Debug|Any CPU
		{286AC701-C8F6-42AC-AAB3-A7D4D532479B}.Debug|Any CPU.Build.0 = Debug|Any CPU
		{286AC701-C8F6-42AC-AAB3-A7D4D532479B}.Release|Any CPU.ActiveCfg = Release|Any CPU
		{286AC701-C8F6-42AC-AAB3-A7D4D532479B}.Release|Any CPU.Build.0 = Release|Any CPU
		{AFFE8F82-76B7-480D-8B9D-E7B0EC747F84}.Debug|Any CPU.ActiveCfg = Debug|Any CPU
		{AFFE8F82-76B7-480D-8B9D-E7B0EC747F84}.Debug|Any CPU.Build.0 = Debug|Any CPU
		{AFFE8F82-76B7-480D-8B9D-E7B0EC747F84}.Release|Any CPU.ActiveCfg = Release|Any CPU
		{AFFE8F82-76B7-480D-8B9D-E7B0EC747F84}.Release|Any CPU.Build.0 = Release|Any CPU
	EndGlobalSection
	GlobalSection(SolutionProperties) = preSolution
		HideSolutionNode = FALSE
	EndGlobalSection
	GlobalSection(NestedProjects) = preSolution
		{C6A2803B-7226-4F8D-B09D-87C3A76A9D31} = {48341FDD-D49D-4A8D-B1C2-FE6C2D71D267}
		{AE650600-DE1B-4D81-9604-2C94D5C19EEF} = {48341FDD-D49D-4A8D-B1C2-FE6C2D71D267}
		{9E3BE248-04A1-40BD-B2FA-700CA0626B0B} = {48341FDD-D49D-4A8D-B1C2-FE6C2D71D267}
		{C7CF8059-872E-4AAF-AE84-1B9BC81FCFA7} = {48341FDD-D49D-4A8D-B1C2-FE6C2D71D267}
		{E756CA9F-2E08-4530-BCFE-04269FC66FEE} = {48341FDD-D49D-4A8D-B1C2-FE6C2D71D267}
		{FCE8C63E-8F93-44C1-A729-AAD6984EB331} = {9E3BE248-04A1-40BD-B2FA-700CA0626B0B}
		{286AC701-C8F6-42AC-AAB3-A7D4D532479B} = {9E3BE248-04A1-40BD-B2FA-700CA0626B0B}
		{87EA59D5-4942-429F-BE2D-F3A52F81CE33} = {AFD4C319-B59B-4264-ADF1-665DFBE10AB7}
		{AFFE8F82-76B7-480D-8B9D-E7B0EC747F84} = {87EA59D5-4942-429F-BE2D-F3A52F81CE33}
	EndGlobalSection
	GlobalSection(ExtensibilityGlobals) = postSolution
		SolutionGuid = {9226604C-DFA6-421A-8EB0-CD5D39587345}
	EndGlobalSection
EndGlobal
